// !$*UTF8*$!
{
	archiveVersion = 1;
	classes = {
	};
	objectVersion = 77;
	objects = {

/* Begin PBXContainerItemProxy section */
		ECBE8BF72DF675FE00EB96EF /* PBXContainerItemProxy */ = {
			isa = PBXContainerItemProxy;
			containerPortal = ECBE8BDE2DF675FD00EB96EF /* Project object */;
			proxyType = 1;
			remoteGlobalIDString = ECBE8BE52DF675FD00EB96EF;
			remoteInfo = ExpiryScanner;
		};
		ECBE8C012DF675FE00EB96EF /* PBXContainerItemProxy */ = {
			isa = PBXContainerItemProxy;
			containerPortal = ECBE8BDE2DF675FD00EB96EF /* Project object */;
			proxyType = 1;
			remoteGlobalIDString = ECBE8BE52DF675FD00EB96EF;
			remoteInfo = ExpiryScanner;
		};
/* End PBXContainerItemProxy section */

/* Begin PBXFileReference section */
		ECBE8BE62DF675FD00EB96EF /* ExpiryScanner.app */ = {isa = PBXFileReference; explicitFileType = wrapper.application; includeInIndex = 0; path = ExpiryScanner.app; sourceTree = BUILT_PRODUCTS_DIR; };
		ECBE8BF62DF675FE00EB96EF /* ExpiryScannerTests.xctest */ = {isa = PBXFileReference; explicitFileType = wrapper.cfbundle; includeInIndex = 0; path = ExpiryScannerTests.xctest; sourceTree = BUILT_PRODUCTS_DIR; };
		ECBE8C002DF675FE00EB96EF /* ExpiryScannerUITests.xctest */ = {isa = PBXFileReference; explicitFileType = wrapper.cfbundle; includeInIndex = 0; path = ExpiryScannerUITests.xctest; sourceTree = BUILT_PRODUCTS_DIR; };
/* End PBXFileReference section */

/* Begin PBXFileSystemSynchronizedBuildFileExceptionSet section */
		ECF318BC2DF8E562005358B0 /* Exceptions for "ExpiryScanner" folder in "ExpiryScanner" target */ = {
			isa = PBXFileSystemSynchronizedBuildFileExceptionSet;
			membershipExceptions = (
				Info.plist,
			);
			target = ECBE8BE52DF675FD00EB96EF /* ExpiryScanner */;
		};
/* End PBXFileSystemSynchronizedBuildFileExceptionSet section */

/* Begin PBXFileSystemSynchronizedRootGroup section */
		ECBE8BE82DF675FD00EB96EF /* ExpiryScanner */ = {
			isa = PBXFileSystemSynchronizedRootGroup;
			exceptions = (
				ECF318BC2DF8E562005358B0 /* Exceptions for "ExpiryScanner" folder in "ExpiryScanner" target */,
			);
			path = ExpiryScanner;
			sourceTree = "<group>";
		};
		ECBE8BF92DF675FE00EB96EF /* ExpiryScannerTests */ = {
			isa = PBXFileSystemSynchronizedRootGroup;
			path = ExpiryScannerTests;
			sourceTree = "<group>";
		};
		ECBE8C032DF675FE00EB96EF /* ExpiryScannerUITests */ = {
			isa = PBXFileSystemSynchronizedRootGroup;
			path = ExpiryScannerUITests;
			sourceTree = "<group>";
		};
/* End PBXFileSystemSynchronizedRootGroup section */

/* Begin PBXFrameworksBuildPhase section */
		ECBE8BE32DF675FD00EB96EF /* Frameworks */ = {
			isa = PBXFrameworksBuildPhase;
			buildActionMask = 2147483647;
			files = (
			);
			runOnlyForDeploymentPostprocessing = 0;
		};
		ECBE8BF32DF675FE00EB96EF /* Frameworks */ = {
			isa = PBXFrameworksBuildPhase;
			buildActionMask = 2147483647;
			files = (
			);
			runOnlyForDeploymentPostprocessing = 0;
		};
		ECBE8BFD2DF675FE00EB96EF /* Frameworks */ = {
			isa = PBXFrameworksBuildPhase;
			buildActionMask = 2147483647;
			files = (
			);
			runOnlyForDeploymentPostprocessing = 0;
		};
/* End PBXFrameworksBuildPhase section */

/* Begin PBXGroup section */
		ECBE8BDD2DF675FD00EB96EF = {
			isa = PBXGroup;
			children = (
				ECBE8BE82DF675FD00EB96EF /* ExpiryScanner */,
				ECBE8BF92DF675FE00EB96EF /* ExpiryScannerTests */,
				ECBE8C032DF675FE00EB96EF /* ExpiryScannerUITests */,
				ECBE8BE72DF675FD00EB96EF /* Products */,
			);
			sourceTree = "<group>";
		};
		ECBE8BE72DF675FD00EB96EF /* Products */ = {
			isa = PBXGroup;
			children = (
				ECBE8BE62DF675FD00EB96EF /* ExpiryScanner.app */,
				ECBE8BF62DF675FE00EB96EF /* ExpiryScannerTests.xctest */,
				ECBE8C002DF675FE00EB96EF /* ExpiryScannerUITests.xctest */,
			);
			name = Products;
			sourceTree = "<group>";
		};
/* End PBXGroup section */

/* Begin PBXNativeTarget section */
		ECBE8BE52DF675FD00EB96EF /* ExpiryScanner */ = {
			isa = PBXNativeTarget;
			buildConfigurationList = ECBE8C0A2DF675FE00EB96EF /* Build configuration list for PBXNativeTarget "ExpiryScanner" */;
			buildPhases = (
				ECBE8BE22DF675FD00EB96EF /* Sources */,
				ECBE8BE32DF675FD00EB96EF /* Frameworks */,
				ECBE8BE42DF675FD00EB96EF /* Resources */,
			);
			buildRules = (
			);
			dependencies = (
			);
			fileSystemSynchronizedGroups = (
				ECBE8BE82DF675FD00EB96EF /* ExpiryScanner */,
			);
			name = ExpiryScanner;
			packageProductDependencies = (
			);
			productName = ExpiryScanner;
			productReference = ECBE8BE62DF675FD00EB96EF /* ExpiryScanner.app */;
			productType = "com.apple.product-type.application";
		};
		ECBE8BF52DF675FE00EB96EF /* ExpiryScannerTests */ = {
			isa = PBXNativeTarget;
			buildConfigurationList = ECBE8C0D2DF675FE00EB96EF /* Build configuration list for PBXNativeTarget "ExpiryScannerTests" */;
			buildPhases = (
				ECBE8BF22DF675FE00EB96EF /* Sources */,
				ECBE8BF32DF675FE00EB96EF /* Frameworks */,
				ECBE8BF42DF675FE00EB96EF /* Resources */,
			);
			buildRules = (
			);
			dependencies = (
				ECBE8BF82DF675FE00EB96EF /* PBXTargetDependency */,
			);
			fileSystemSynchronizedGroups = (
				ECBE8BF92DF675FE00EB96EF /* ExpiryScannerTests */,
			);
			name = ExpiryScannerTests;
			packageProductDependencies = (
			);
			productName = ExpiryScannerTests;
			productReference = ECBE8BF62DF675FE00EB96EF /* ExpiryScannerTests.xctest */;
			productType = "com.apple.product-type.bundle.unit-test";
		};
		ECBE8BFF2DF675FE00EB96EF /* ExpiryScannerUITests */ = {
			isa = PBXNativeTarget;
			buildConfigurationList = ECBE8C102DF675FE00EB96EF /* Build configuration list for PBXNativeTarget "ExpiryScannerUITests" */;
			buildPhases = (
				ECBE8BFC2DF675FE00EB96EF /* Sources */,
				ECBE8BFD2DF675FE00EB96EF /* Frameworks */,
				ECBE8BFE2DF675FE00EB96EF /* Resources */,
			);
			buildRules = (
			);
			dependencies = (
				ECBE8C022DF675FE00EB96EF /* PBXTargetDependency */,
			);
			fileSystemSynchronizedGroups = (
				ECBE8C032DF675FE00EB96EF /* ExpiryScannerUITests */,
			);
			name = ExpiryScannerUITests;
			packageProductDependencies = (
			);
			productName = ExpiryScannerUITests;
			productReference = ECBE8C002DF675FE00EB96EF /* ExpiryScannerUITests.xctest */;
			productType = "com.apple.product-type.bundle.ui-testing";
		};
/* End PBXNativeTarget section */

/* Begin PBXProject section */
		ECBE8BDE2DF675FD00EB96EF /* Project object */ = {
			isa = PBXProject;
			attributes = {
				BuildIndependentTargetsInParallel = 1;
				LastSwiftUpdateCheck = 1620;
				LastUpgradeCheck = 1620;
				TargetAttributes = {
					ECBE8BE52DF675FD00EB96EF = {
						CreatedOnToolsVersion = 16.2;
					};
					ECBE8BF52DF675FE00EB96EF = {
						CreatedOnToolsVersion = 16.2;
						TestTargetID = ECBE8BE52DF675FD00EB96EF;
					};
					ECBE8BFF2DF675FE00EB96EF = {
						CreatedOnToolsVersion = 16.2;
						TestTargetID = ECBE8BE52DF675FD00EB96EF;
					};
				};
			};
			buildConfigurationList = ECBE8BE12DF675FD00EB96EF /* Build configuration list for PBXProject "ExpiryScanner" */;
			developmentRegion = en;
			hasScannedForEncodings = 0;
			knownRegions = (
				en,
				Base,
			);
			mainGroup = ECBE8BDD2DF675FD00EB96EF;
			minimizedProjectReferenceProxies = 1;
			preferredProjectObjectVersion = 77;
			productRefGroup = ECBE8BE72DF675FD00EB96EF /* Products */;
			projectDirPath = "";
			projectRoot = "";
			targets = (
				ECBE8BE52DF675FD00EB96EF /* ExpiryScanner */,
				ECBE8BF52DF675FE00EB96EF /* ExpiryScannerTests */,
				ECBE8BFF2DF675FE00EB96EF /* ExpiryScannerUITests */,
			);
		};
/* End PBXProject section */

/* Begin PBXResourcesBuildPhase section */
		ECBE8BE42DF675FD00EB96EF /* Resources */ = {
			isa = PBXResourcesBuildPhase;
			buildActionMask = 2147483647;
			files = (
			);
			runOnlyForDeploymentPostprocessing = 0;
		};
		ECBE8BF42DF675FE00EB96EF /* Resources */ = {
			isa = PBXResourcesBuildPhase;
			buildActionMask = 2147483647;
			files = (
			);
			runOnlyForDeploymentPostprocessing = 0;
		};
		ECBE8BFE2DF675FE00EB96EF /* Resources */ = {
			isa = PBXResourcesBuildPhase;
			buildActionMask = 2147483647;
			files = (
			);
			runOnlyForDeploymentPostprocessing = 0;
		};
/* End PBXResourcesBuildPhase section */

/* Begin PBXSourcesBuildPhase section */
		ECBE8BE22DF675FD00EB96EF /* Sources */ = {
			isa = PBXSourcesBuildPhase;
			buildActionMask = 2147483647;
			files = (
			);
			runOnlyForDeploymentPostprocessing = 0;
		};
		ECBE8BF22DF675FE00EB96EF /* Sources */ = {
			isa = PBXSourcesBuildPhase;
			buildActionMask = 2147483647;
			files = (
			);
			runOnlyForDeploymentPostprocessing = 0;
		};
		ECBE8BFC2DF675FE00EB96EF /* Sources */ = {
			isa = PBXSourcesBuildPhase;
			buildActionMask = 2147483647;
			files = (
			);
			runOnlyForDeploymentPostprocessing = 0;
		};
/* End PBXSourcesBuildPhase section */

/* Begin PBXTargetDependency section */
		ECBE8BF82DF675FE00EB96EF /* PBXTargetDependency */ = {
			isa = PBXTargetDependency;
			target = ECBE8BE52DF675FD00EB96EF /* ExpiryScanner */;
			targetProxy = ECBE8BF72DF675FE00EB96EF /* PBXContainerItemProxy */;
		};
		ECBE8C022DF675FE00EB96EF /* PBXTargetDependency */ = {
			isa = PBXTargetDependency;
			target = ECBE8BE52DF675FD00EB96EF /* ExpiryScanner */;
			targetProxy = ECBE8C012DF675FE00EB96EF /* PBXContainerItemProxy */;
		};
/* End PBXTargetDependency section */

/* Begin XCBuildConfiguration section */
		ECBE8C082DF675FE00EB96EF /* Debug */ = {
			isa = XCBuildConfiguration;
			buildSettings = {
				ALWAYS_SEARCH_USER_PATHS = NO;
				ASSETCATALOG_COMPILER_GENERATE_SWIFT_ASSET_SYMBOL_EXTENSIONS = YES;
				CLANG_ANALYZER_NONNULL = YES;
				CLANG_ANALYZER_NUMBER_OBJECT_CONVERSION = YES_AGGRESSIVE;
				CLANG_CXX_LANGUAGE_STANDARD = "gnu++20";
				CLANG_ENABLE_MODULES = YES;
				CLANG_ENABLE_OBJC_ARC = YES;
				CLANG_ENABLE_OBJC_WEAK = YES;
				CLANG_WARN_BLOCK_CAPTURE_AUTORELEASING = YES;
				CLANG_WARN_BOOL_CONVERSION = YES;
				CLANG_WARN_COMMA = YES;
				CLANG_WARN_CONSTANT_CONVERSION = YES;
				CLANG_WARN_DEPRECATED_OBJC_IMPLEMENTATIONS = YES;
				CLANG_WARN_DIRECT_OBJC_ISA_USAGE = YES_ERROR;
				CLANG_WARN_DOCUMENTATION_COMMENTS = YES;
				CLANG_WARN_EMPTY_BODY = YES;
				CLANG_WARN_ENUM_CONVERSION = YES;
				CLANG_WARN_INFINITE_RECURSION = YES;
				CLANG_WARN_INT_CONVERSION = YES;
				CLANG_WARN_NON_LITERAL_NULL_CONVERSION = YES;
				CLANG_WARN_OBJC_IMPLICIT_RETAIN_SELF = YES;
				CLANG_WARN_OBJC_LITERAL_CONVERSION = YES;
				CLANG_WARN_OBJC_ROOT_CLASS = YES_ERROR;
				CLANG_WARN_QUOTED_INCLUDE_IN_FRAMEWORK_HEADER = YES;
				CLANG_WARN_RANGE_LOOP_ANALYSIS = YES;
				CLANG_WARN_STRICT_PROTOTYPES = YES;
				CLANG_WARN_SUSPICIOUS_MOVE = YES;
				CLANG_WARN_UNGUARDED_AVAILABILITY = YES_AGGRESSIVE;
				CLANG_WARN_UNREACHABLE_CODE = YES;
				CLANG_WARN__DUPLICATE_METHOD_MATCH = YES;
				COPY_PHASE_STRIP = NO;
				DEBUG_INFORMATION_FORMAT = dwarf;
				ENABLE_STRICT_OBJC_MSGSEND = YES;
				ENABLE_TESTABILITY = YES;
				ENABLE_USER_SCRIPT_SANDBOXING = YES;
				GCC_C_LANGUAGE_STANDARD = gnu17;
				GCC_DYNAMIC_NO_PIC = NO;
				GCC_NO_COMMON_BLOCKS = YES;
				GCC_OPTIMIZATION_LEVEL = 0;
				GCC_PREPROCESSOR_DEFINITIONS = (
					"DEBUG=1",
					"$(inherited)",
				);
				GCC_WARN_64_TO_32_BIT_CONVERSION = YES;
				GCC_WARN_ABOUT_RETURN_TYPE = YES_ERROR;
				GCC_WARN_UNDECLARED_SELECTOR = YES;
				GCC_WARN_UNINITIALIZED_AUTOS = YES_AGGRESSIVE;
				GCC_WARN_UNUSED_FUNCTION = YES;
				GCC_WARN_UNUSED_VARIABLE = YES;
				IPHONEOS_DEPLOYMENT_TARGET = 18.2;
				LOCALIZATION_PREFERS_STRING_CATALOGS = YES;
				MTL_ENABLE_DEBUG_INFO = INCLUDE_SOURCE;
				MTL_FAST_MATH = YES;
				ONLY_ACTIVE_ARCH = YES;
				SDKROOT = iphoneos;
				SWIFT_ACTIVE_COMPILATION_CONDITIONS = "DEBUG $(inherited)";
				SWIFT_OPTIMIZATION_LEVEL = "-Onone";
			};
			name = Debug;
		};
		ECBE8C092DF675FE00EB96EF /* Release */ = {
			isa = XCBuildConfiguration;
			buildSettings = {
				ALWAYS_SEARCH_USER_PATHS = NO;
				ASSETCATALOG_COMPILER_GENERATE_SWIFT_ASSET_SYMBOL_EXTENSIONS = YES;
				CLANG_ANALYZER_NONNULL = YES;
				CLANG_ANALYZER_NUMBER_OBJECT_CONVERSION = YES_AGGRESSIVE;
				CLANG_CXX_LANGUAGE_STANDARD = "gnu++20";
				CLANG_ENABLE_MODULES = YES;
				CLANG_ENABLE_OBJC_ARC = YES;
				CLANG_ENABLE_OBJC_WEAK = YES;
				CLANG_WARN_BLOCK_CAPTURE_AUTORELEASING = YES;
				CLANG_WARN_BOOL_CONVERSION = YES;
				CLANG_WARN_COMMA = YES;
				CLANG_WARN_CONSTANT_CONVERSION = YES;
				CLANG_WARN_DEPRECATED_OBJC_IMPLEMENTATIONS = YES;
				CLANG_WARN_DIRECT_OBJC_ISA_USAGE = YES_ERROR;
				CLANG_WARN_DOCUMENTATION_COMMENTS = YES;
				CLANG_WARN_EMPTY_BODY = YES;
				CLANG_WARN_ENUM_CONVERSION = YES;
				CLANG_WARN_INFINITE_RECURSION = YES;
				CLANG_WARN_INT_CONVERSION = YES;
				CLANG_WARN_NON_LITERAL_NULL_CONVERSION = YES;
				CLANG_WARN_OBJC_IMPLICIT_RETAIN_SELF = YES;
				CLANG_WARN_OBJC_LITERAL_CONVERSION = YES;
				CLANG_WARN_OBJC_ROOT_CLASS = YES_ERROR;
				CLANG_WARN_QUOTED_INCLUDE_IN_FRAMEWORK_HEADER = YES;
				CLANG_WARN_RANGE_LOOP_ANALYSIS = YES;
				CLANG_WARN_STRICT_PROTOTYPES = YES;
				CLANG_WARN_SUSPICIOUS_MOVE = YES;
				CLANG_WARN_UNGUARDED_AVAILABILITY = YES_AGGRESSIVE;
				CLANG_WARN_UNREACHABLE_CODE = YES;
				CLANG_WARN__DUPLICATE_METHOD_MATCH = YES;
				COPY_PHASE_STRIP = NO;
				DEBUG_INFORMATION_FORMAT = "dwarf-with-dsym";
				ENABLE_NS_ASSERTIONS = NO;
				ENABLE_STRICT_OBJC_MSGSEND = YES;
				ENABLE_USER_SCRIPT_SANDBOXING = YES;
				GCC_C_LANGUAGE_STANDARD = gnu17;
				GCC_NO_COMMON_BLOCKS = YES;
				GCC_WARN_64_TO_32_BIT_CONVERSION = YES;
				GCC_WARN_ABOUT_RETURN_TYPE = YES_ERROR;
				GCC_WARN_UNDECLARED_SELECTOR = YES;
				GCC_WARN_UNINITIALIZED_AUTOS = YES_AGGRESSIVE;
				GCC_WARN_UNUSED_FUNCTION = YES;
				GCC_WARN_UNUSED_VARIABLE = YES;
				IPHONEOS_DEPLOYMENT_TARGET = 18.2;
				LOCALIZATION_PREFERS_STRING_CATALOGS = YES;
				MTL_ENABLE_DEBUG_INFO = NO;
				MTL_FAST_MATH = YES;
				SDKROOT = iphoneos;
				SWIFT_COMPILATION_MODE = wholemodule;
				VALIDATE_PRODUCT = YES;
			};
			name = Release;
		};
		ECBE8C0B2DF675FE00EB96EF /* Debug */ = {
			isa = XCBuildConfiguration;
			buildSettings = {
				ASSETCATALOG_COMPILER_APPICON_NAME = AppIcon;
				ASSETCATALOG_COMPILER_GLOBAL_ACCENT_COLOR_NAME = AccentColor;
				CODE_SIGN_STYLE = Automatic;
				CURRENT_PROJECT_VERSION = 1;
				DEVELOPMENT_ASSET_PATHS = "\"ExpiryScanner/Preview Content\"";
				DEVELOPMENT_TEAM = 5NPXYZ9JUA;
				ENABLE_PREVIEWS = YES;
				GENERATE_INFOPLIST_FILE = YES;
				INFOPLIST_FILE = ExpiryScanner/Info.plist;
				INFOPLIST_KEY_NSCameraUsageDescription = "This app requires access to the camera to scan expiry dates";
				INFOPLIST_KEY_UIApplicationSceneManifest_Generation = YES;
				INFOPLIST_KEY_UIApplicationSupportsIndirectInputEvents = YES;
				INFOPLIST_KEY_UILaunchScreen_Generation = YES;
				INFOPLIST_KEY_UISupportedInterfaceOrientations_iPad = "UIInterfaceOrientationPortrait UIInterfaceOrientationPortraitUpsideDown UIInterfaceOrientationLandscapeLeft UIInterfaceOrientationLandscapeRight";
				INFOPLIST_KEY_UISupportedInterfaceOrientations_iPhone = "UIInterfaceOrientationPortrait UIInterfaceOrientationLandscapeLeft UIInterfaceOrientationLandscapeRight";
				LD_RUNPATH_SEARCH_PATHS = (
					"$(inherited)",
					"@executable_path/Frameworks",
				);
				MARKETING_VERSION = 1.0;
				PRODUCT_BUNDLE_IDENTIFIER = franco.ExpiryScanner;
				PRODUCT_NAME = "$(TARGET_NAME)";
				SWIFT_EMIT_LOC_STRINGS = YES;
				SWIFT_VERSION = 5.0;
				TARGETED_DEVICE_FAMILY = "1,2";
			};
			name = Debug;
		};
		ECBE8C0C2DF675FE00EB96EF /* Release */ = {
			isa = XCBuildConfiguration;
			buildSettings = {
				ASSETCATALOG_COMPILER_APPICON_NAME = AppIcon;
				ASSETCATALOG_COMPILER_GLOBAL_ACCENT_COLOR_NAME = AccentColor;
				CODE_SIGN_STYLE = Automatic;
				CURRENT_PROJECT_VERSION = 1;
				DEVELOPMENT_ASSET_PATHS = "\"ExpiryScanner/Preview Content\"";
				DEVELOPMENT_TEAM = 5NPXYZ9JUA;
				ENABLE_PREVIEWS = YES;
				GENERATE_INFOPLIST_FILE = YES;
				INFOPLIST_FILE = ExpiryScanner/Info.plist;
				INFOPLIST_KEY_NSCameraUsageDescription = "This app requires access to the camera to scan expiry dates";
				INFOPLIST_KEY_UIApplicationSceneManifest_Generation = YES;
				INFOPLIST_KEY_UIApplicationSupportsIndirectInputEvents = YES;
				INFOPLIST_KEY_UILaunchScreen_Generation = YES;
				INFOPLIST_KEY_UISupportedInterfaceOrientations_iPad = "UIInterfaceOrientationPortrait UIInterfaceOrientationPortraitUpsideDown UIInterfaceOrientationLandscapeLeft UIInterfaceOrientationLandscapeRight";
				INFOPLIST_KEY_UISupportedInterfaceOrientations_iPhone = "UIInterfaceOrientationPortrait UIInterfaceOrientationLandscapeLeft UIInterfaceOrientationLandscapeRight";
				LD_RUNPATH_SEARCH_PATHS = (
					"$(inherited)",
					"@executable_path/Frameworks",
				);
				MARKETING_VERSION = 1.0;
				PRODUCT_BUNDLE_IDENTIFIER = franco.ExpiryScanner;
				PRODUCT_NAME = "$(TARGET_NAME)";
				SWIFT_EMIT_LOC_STRINGS = YES;
				SWIFT_VERSION = 5.0;
				TARGETED_DEVICE_FAMILY = "1,2";
			};
			name = Release;
		};
		ECBE8C0E2DF675FE00EB96EF /* Debug */ = {
			isa = XCBuildConfiguration;
			buildSettings = {
				BUNDLE_LOADER = "$(TEST_HOST)";
				CODE_SIGN_STYLE = Automatic;
				CURRENT_PROJECT_VERSION = 1;
				DEVELOPMENT_TEAM = 5NPXYZ9JUA;
				GENERATE_INFOPLIST_FILE = YES;
				IPHONEOS_DEPLOYMENT_TARGET = 18.2;
				MARKETING_VERSION = 1.0;
				PRODUCT_BUNDLE_IDENTIFIER = franco.ExpiryScannerTests;
				PRODUCT_NAME = "$(TARGET_NAME)";
				SWIFT_EMIT_LOC_STRINGS = NO;
				SWIFT_VERSION = 5.0;
				TARGETED_DEVICE_FAMILY = "1,2";
				TEST_HOST = "$(BUILT_PRODUCTS_DIR)/ExpiryScanner.app/$(BUNDLE_EXECUTABLE_FOLDER_PATH)/ExpiryScanner";
			};
			name = Debug;
		};
		ECBE8C0F2DF675FE00EB96EF /* Release */ = {
			isa = XCBuildConfiguration;
			buildSettings = {
				BUNDLE_LOADER = "$(TEST_HOST)";
				CODE_SIGN_STYLE = Automatic;
				CURRENT_PROJECT_VERSION = 1;
				DEVELOPMENT_TEAM = 5NPXYZ9JUA;
				GENERATE_INFOPLIST_FILE = YES;
				IPHONEOS_DEPLOYMENT_TARGET = 18.2;
				MARKETING_VERSION = 1.0;
				PRODUCT_BUNDLE_IDENTIFIER = franco.ExpiryScannerTests;
				PRODUCT_NAME = "$(TARGET_NAME)";
				SWIFT_EMIT_LOC_STRINGS = NO;
				SWIFT_VERSION = 5.0;
				TARGETED_DEVICE_FAMILY = "1,2";
				TEST_HOST = "$(BUILT_PRODUCTS_DIR)/ExpiryScanner.app/$(BUNDLE_EXECUTABLE_FOLDER_PATH)/ExpiryScanner";
			};
			name = Release;
		};
		ECBE8C112DF675FE00EB96EF /* Debug */ = {
			isa = XCBuildConfiguration;
			buildSettings = {
				CODE_SIGN_STYLE = Automatic;
				CURRENT_PROJECT_VERSION = 1;
				DEVELOPMENT_TEAM = 5NPXYZ9JUA;
				GENERATE_INFOPLIST_FILE = YES;
				MARKETING_VERSION = 1.0;
				PRODUCT_BUNDLE_IDENTIFIER = franco.ExpiryScannerUITests;
				PRODUCT_NAME = "$(TARGET_NAME)";
				SWIFT_EMIT_LOC_STRINGS = NO;
				SWIFT_VERSION = 5.0;
				TARGETED_DEVICE_FAMILY = "1,2";
				TEST_TARGET_NAME = ExpiryScanner;
			};
			name = Debug;
		};
		ECBE8C122DF675FE00EB96EF /* Release */ = {
			isa = XCBuildConfiguration;
			buildSettings = {
				CODE_SIGN_STYLE = Automatic;
				CURRENT_PROJECT_VERSION = 1;
				DEVELOPMENT_TEAM = 5NPXYZ9JUA;
				GENERATE_INFOPLIST_FILE = YES;
				MARKETING_VERSION = 1.0;
				PRODUCT_BUNDLE_IDENTIFIER = franco.ExpiryScannerUITests;
				PRODUCT_NAME = "$(TARGET_NAME)";
				SWIFT_EMIT_LOC_STRINGS = NO;
				SWIFT_VERSION = 5.0;
				TARGETED_DEVICE_FAMILY = "1,2";
				TEST_TARGET_NAME = ExpiryScanner;
			};
			name = Release;
		};
/* End XCBuildConfiguration section */

/* Begin XCConfigurationList section */
		ECBE8BE12DF675FD00EB96EF /* Build configuration list for PBXProject "ExpiryScanner" */ = {
			isa = XCConfigurationList;
			buildConfigurations = (
				ECBE8C082DF675FE00EB96EF /* Debug */,
				ECBE8C092DF675FE00EB96EF /* Release */,
			);
			defaultConfigurationIsVisible = 0;
			defaultConfigurationName = Release;
		};
		ECBE8C0A2DF675FE00EB96EF /* Build configuration list for PBXNativeTarget "ExpiryScanner" */ = {
			isa = XCConfigurationList;
			buildConfigurations = (
				ECBE8C0B2DF675FE00EB96EF /* Debug */,
				ECBE8C0C2DF675FE00EB96EF /* Release */,
			);
			defaultConfigurationIsVisible = 0;
			defaultConfigurationName = Release;
		};
		ECBE8C0D2DF675FE00EB96EF /* Build configuration list for PBXNativeTarget "ExpiryScannerTests" */ = {
			isa = XCConfigurationList;
			buildConfigurations = (
				ECBE8C0E2DF675FE00EB96EF /* Debug */,
				ECBE8C0F2DF675FE00EB96EF /* Release */,
			);
			defaultConfigurationIsVisible = 0;
			defaultConfigurationName = Release;
		};
		ECBE8C102DF675FE00EB96EF /* Build configuration list for PBXNativeTarget "ExpiryScannerUITests" */ = {
			isa = XCConfigurationList;
			buildConfigurations = (
				ECBE8C112DF675FE00EB96EF /* Debug */,
				ECBE8C122DF675FE00EB96EF /* Release */,
			);
			defaultConfigurationIsVisible = 0;
			defaultConfigurationName = Release;
		};
/* End XCConfigurationList section */
	};
	rootObject = ECBE8BDE2DF675FD00EB96EF /* Project object */;
}
